
Microsoft Visual Studio Solution File, Format Version 11.00
# Visual Studio 2010
Project("{FAE04EC0-301F-11D3-BF4B-00C04F79EFBC}") = "Assembly-CSharp", "Assembly-CSharp.csproj", "{b9e6a64f-9ca0-e9a7-82d7-e3a522848a1d}"
EndProject
Project("{FAE04EC0-301F-11D3-BF4B-00C04F79EFBC}") = "Assembly-CSharp-Editor", "Assembly-CSharp-Editor.csproj", "{b0c1c659-74a0-a1b1-fe4d-7fed85266cd0}"
EndProject
Global
	GlobalSection(SolutionConfigurationPlatforms) = preSolution
		Debug|Any CPU = Debug|Any CPU
	EndGlobalSection
	GlobalSection(ProjectConfigurationPlatforms) = postSolution
		{b9e6a64f-9ca0-e9a7-82d7-e3a522848a1d}.Debug|Any CPU.ActiveCfg = Debug|Any CPU
		{b9e6a64f-9ca0-e9a7-82d7-e3a522848a1d}.Debug|Any CPU.Build.0 = Debug|Any CPU
		{b0c1c659-74a0-a1b1-fe4d-7fed85266cd0}.Debug|Any CPU.ActiveCfg = Debug|Any CPU
		{b0c1c659-74a0-a1b1-fe4d-7fed85266cd0}.Debug|Any CPU.Build.0 = Debug|Any CPU
	EndGlobalSection
	GlobalSection(SolutionProperties) = preSolution
		HideSolutionNode = FALSE
	EndGlobalSection
EndGlobal
